// !$*UTF8*$!
{
	archiveVersion = 1;
	classes = {
	};
	objectVersion = 50;
	objects = {

/* Begin PBXBuildFile section */
		5C5C830524F2910B00228DA3 /* AppDelegate.swift in Sources */ = {isa = PBXBuildFile; fileRef = 5C5C830424F2910B00228DA3 /* AppDelegate.swift */; };
		5C5C830724F2910B00228DA3 /* SceneDelegate.swift in Sources */ = {isa = PBXBuildFile; fileRef = 5C5C830624F2910B00228DA3 /* SceneDelegate.swift */; };
		5C5C830E24F2910C00228DA3 /* Assets.xcassets in Resources */ = {isa = PBXBuildFile; fileRef = 5C5C830D24F2910C00228DA3 /* Assets.xcassets */; };
		5C5C831124F2910C00228DA3 /* LaunchScreen.storyboard in Resources */ = {isa = PBXBuildFile; fileRef = 5C5C830F24F2910C00228DA3 /* LaunchScreen.storyboard */; };
		5C5C831924F2913A00228DA3 /* UIImage+Gif.swift in Sources */ = {isa = PBXBuildFile; fileRef = 5C5C831824F2913A00228DA3 /* UIImage+Gif.swift */; };
		5C5C831B24F2915800228DA3 /* ViewController.swift in Sources */ = {isa = PBXBuildFile; fileRef = 5C5C831A24F2915800228DA3 /* ViewController.swift */; };
		5C5C831E24F2918200228DA3 /* Netflix.gif in Resources */ = {isa = PBXBuildFile; fileRef = 5C5C831C24F2918200228DA3 /* Netflix.gif */; };
		5C5C831F24F2918200228DA3 /* glassjar.gif in Resources */ = {isa = PBXBuildFile; fileRef = 5C5C831D24F2918200228DA3 /* glassjar.gif */; };
		5C5C832124F291B000228DA3 /* Main.storyboard in Resources */ = {isa = PBXBuildFile; fileRef = 5C5C832024F291B000228DA3 /* Main.storyboard */; };
/* End PBXBuildFile section */

/* Begin PBXFileReference section */
		5C5C830124F2910B00228DA3 /* GIFImageLoader.app */ = {isa = PBXFileReference; explicitFileType = wrapper.application; includeInIndex = 0; path = GIFImageLoader.app; sourceTree = BUILT_PRODUCTS_DIR; };
		5C5C830424F2910B00228DA3 /* AppDelegate.swift */ = {isa = PBXFileReference; lastKnownFileType = sourcecode.swift; path = AppDelegate.swift; sourceTree = "<group>"; };
		5C5C830624F2910B00228DA3 /* SceneDelegate.swift */ = {isa = PBXFileReference; lastKnownFileType = sourcecode.swift; path = SceneDelegate.swift; sourceTree = "<group>"; };
		5C5C830D24F2910C00228DA3 /* Assets.xcassets */ = {isa = PBXFileReference; lastKnownFileType = folder.assetcatalog; path = Assets.xcassets; sourceTree = "<group>"; };
		5C5C831024F2910C00228DA3 /* Base */ = {isa = PBXFileReference; lastKnownFileType = file.storyboard; name = Base; path = Base.lproj/LaunchScreen.storyboard; sourceTree = "<group>"; };
		5C5C831224F2910C00228DA3 /* Info.plist */ = {isa = PBXFileReference; lastKnownFileType = text.plist.xml; path = Info.plist; sourceTree = "<group>"; };
		5C5C831824F2913A00228DA3 /* UIImage+Gif.swift */ = {isa = PBXFileReference; fileEncoding = 4; lastKnownFileType = sourcecode.swift; path = "UIImage+Gif.swift"; sourceTree = "<group>"; };
		5C5C831A24F2915800228DA3 /* ViewController.swift */ = {isa = PBXFileReference; fileEncoding = 4; lastKnownFileType = sourcecode.swift; path = ViewController.swift; sourceTree = "<group>"; };
		5C5C831C24F2918200228DA3 /* Netflix.gif */ = {isa = PBXFileReference; lastKnownFileType = image.gif; path = Netflix.gif; sourceTree = "<group>"; };
		5C5C831D24F2918200228DA3 /* glassjar.gif */ = {isa = PBXFileReference; lastKnownFileType = image.gif; path = glassjar.gif; sourceTree = "<group>"; };
		5C5C832024F291B000228DA3 /* Main.storyboard */ = {isa = PBXFileReference; fileEncoding = 4; lastKnownFileType = file.storyboard; path = Main.storyboard; sourceTree = "<group>"; };
/* End PBXFileReference section */

/* Begin PBXFrameworksBuildPhase section */
		5C5C82FE24F2910B00228DA3 /* Frameworks */ = {
			isa = PBXFrameworksBuildPhase;
			buildActionMask = 2147483647;
			files = (
			);
			runOnlyForDeploymentPostprocessing = 0;
		};
/* End PBXFrameworksBuildPhase section */

/* Begin PBXGroup section */
		5C5C82F824F2910B00228DA3 = {
			isa = PBXGroup;
			children = (
				5C5C830324F2910B00228DA3 /* GIFImageLoader */,
				5C5C830224F2910B00228DA3 /* Products */,
			);
			sourceTree = "<group>";
		};
		5C5C830224F2910B00228DA3 /* Products */ = {
			isa = PBXGroup;
			children = (
				5C5C830124F2910B00228DA3 /* GIFImageLoader.app */,
			);
			name = Products;
			sourceTree = "<group>";
		};
		5C5C830324F2910B00228DA3 /* GIFImageLoader */ = {
			isa = PBXGroup;
			children = (
				5C5C830424F2910B00228DA3 /* AppDelegate.swift */,
				5C5C830624F2910B00228DA3 /* SceneDelegate.swift */,
				5C5C831A24F2915800228DA3 /* ViewController.swift */,
				5C5C832024F291B000228DA3 /* Main.storyboard */,
				5C5C831824F2913A00228DA3 /* UIImage+Gif.swift */,
				5C5C830D24F2910C00228DA3 /* Assets.xcassets */,
				5C5C830F24F2910C00228DA3 /* LaunchScreen.storyboard */,
				5C5C831D24F2918200228DA3 /* glassjar.gif */,
				5C5C831C24F2918200228DA3 /* Netflix.gif */,
				5C5C831224F2910C00228DA3 /* Info.plist */,
			);
			path = GIFImageLoader;
			sourceTree = "<group>";
		};
/* End PBXGroup section */

/* Begin PBXNativeTarget section */
		5C5C830024F2910B00228DA3 /* GIFImageLoader */ = {
			isa = PBXNativeTarget;
			buildConfigurationList = 5C5C831524F2910C00228DA3 /* Build configuration list for PBXNativeTarget "GIFImageLoader" */;
			buildPhases = (
				5C5C82FD24F2910B00228DA3 /* Sources */,
				5C5C82FE24F2910B00228DA3 /* Frameworks */,
				5C5C82FF24F2910B00228DA3 /* Resources */,
			);
			buildRules = (
			);
			dependencies = (
			);
			name = GIFImageLoader;
			productName = GIFImageLoader;
			productReference = 5C5C830124F2910B00228DA3 /* GIFImageLoader.app */;
			productType = "com.apple.product-type.application";
		};
/* End PBXNativeTarget section */

/* Begin PBXProject section */
		5C5C82F924F2910B00228DA3 /* Project object */ = {
			isa = PBXProject;
			attributes = {
				LastSwiftUpdateCheck = 1150;
				LastUpgradeCheck = 1150;
				ORGANIZATIONNAME = "Shreyas Vilaschandra Bhike";
				TargetAttributes = {
					5C5C830024F2910B00228DA3 = {
						CreatedOnToolsVersion = 11.5;
					};
				};
			};
			buildConfigurationList = 5C5C82FC24F2910B00228DA3 /* Build configuration list for PBXProject "GIFImageLoader" */;
			compatibilityVersion = "Xcode 9.3";
			developmentRegion = en;
			hasScannedForEncodings = 0;
			knownRegions = (
				en,
				Base,
			);
			mainGroup = 5C5C82F824F2910B00228DA3;
			productRefGroup = 5C5C830224F2910B00228DA3 /* Products */;
			projectDirPath = "";
			projectRoot = "";
			targets = (
				5C5C830024F2910B00228DA3 /* GIFImageLoader */,
			);
		};
/* End PBXProject section */

/* Begin PBXResourcesBuildPhase section */
		5C5C82FF24F2910B00228DA3 /* Resources */ = {
			isa = PBXResourcesBuildPhase;
			buildActionMask = 2147483647;
			files = (
				5C5C831124F2910C00228DA3 /* LaunchScreen.storyboard in Resources */,
				5C5C832124F291B000228DA3 /* Main.storyboard in Resources */,
				5C5C831E24F2918200228DA3 /* Netflix.gif in Resources */,
				5C5C830E24F2910C00228DA3 /* Assets.xcassets in Resources */,
				5C5C831F24F2918200228DA3 /* glassjar.gif in Resources */,
			);
			runOnlyForDeploymentPostprocessing = 0;
		};
/* End PBXResourcesBuildPhase section */

/* Begin PBXSourcesBuildPhase section */
		5C5C82FD24F2910B00228DA3 /* Sources */ = {
			isa = PBXSourcesBuildPhase;
			buildActionMask = 2147483647;
			files = (
				5C5C830524F2910B00228DA3 /* AppDelegate.swift in Sources */,
				5C5C831924F2913A00228DA3 /* UIImage+Gif.swift in Sources */,
				5C5C831B24F2915800228DA3 /* ViewController.swift in Sources */,
				5C5C830724F2910B00228DA3 /* SceneDelegate.swift in Sources */,
			);
			runOnlyForDeploymentPostprocessing = 0;
		};
/* End PBXSourcesBuildPhase section */

/* Begin PBXVariantGroup section */
		5C5C830F24F2910C00228DA3 /* LaunchScreen.storyboard */ = {
			isa = PBXVariantGroup;
			children = (
				5C5C831024F2910C00228DA3 /* Base */,
			);
			name = LaunchScreen.storyboard;
			sourceTree = "<group>";
		};
/* End PBXVariantGroup section */

/* Begin XCBuildConfiguration section */
		5C5C831324F2910C00228DA3 /* Debug */ = {
			isa = XCBuildConfiguration;
			buildSettings = {
				ALWAYS_SEARCH_USER_PATHS = NO;
				CLANG_ANALYZER_NONNULL = YES;
				CLANG_ANALYZER_NUMBER_OBJECT_CONVERSION = YES_AGGRESSIVE;
				CLANG_CXX_LANGUAGE_STANDARD = "gnu++14";
				CLANG_CXX_LIBRARY = "libc++";
				CLANG_ENABLE_MODULES = YES;
				CLANG_ENABLE_OBJC_ARC = YES;
				CLANG_ENABLE_OBJC_WEAK = YES;
				CLANG_WARN_BLOCK_CAPTURE_AUTORELEASING = YES;
				CLANG_WARN_BOOL_CONVERSION = YES;
				CLANG_WARN_COMMA = YES;
				CLANG_WARN_CONSTANT_CONVERSION = YES;
				CLANG_WARN_DEPRECATED_OBJC_IMPLEMENTATIONS = YES;
				CLANG_WARN_DIRECT_OBJC_ISA_USAGE = YES_ERROR;
				CLANG_WARN_DOCUMENTATION_COMMENTS = YES;
				CLANG_WARN_EMPTY_BODY = YES;
				CLANG_WARN_ENUM_CONVERSION = YES;
				CLANG_WARN_INFINITE_RECURSION = YES;
				CLANG_WARN_INT_CONVERSION = YES;
				CLANG_WARN_NON_LITERAL_NULL_CONVERSION = YES;
				CLANG_WARN_OBJC_IMPLICIT_RETAIN_SELF = YES;
				CLANG_WARN_OBJC_LITERAL_CONVERSION = YES;
				CLANG_WARN_OBJC_ROOT_CLASS = YES_ERROR;
				CLANG_WARN_RANGE_LOOP_ANALYSIS = YES;
				CLANG_WARN_STRICT_PROTOTYPES = YES;
				CLANG_WARN_SUSPICIOUS_MOVE = YES;
				CLANG_WARN_UNGUARDED_AVAILABILITY = YES_AGGRESSIVE;
				CLANG_WARN_UNREACHABLE_CODE = YES;
				CLANG_WARN__DUPLICATE_METHOD_MATCH = YES;
				COPY_PHASE_STRIP = NO;
				DEBUG_INFORMATION_FORMAT = dwarf;
				ENABLE_STRICT_OBJC_MSGSEND = YES;
				ENABLE_TESTABILITY = YES;
				GCC_C_LANGUAGE_STANDARD = gnu11;
				GCC_DYNAMIC_NO_PIC = NO;
				GCC_NO_COMMON_BLOCKS = YES;
				GCC_OPTIMIZATION_LEVEL = 0;
				GCC_PREPROCESSOR_DEFINITIONS = (
					"DEBUG=1",
					"$(inherited)",
				);
				GCC_WARN_64_TO_32_BIT_CONVERSION = YES;
				GCC_WARN_ABOUT_RETURN_TYPE = YES_ERROR;
				GCC_WARN_UNDECLARED_SELECTOR = YES;
				GCC_WARN_UNINITIALIZED_AUTOS = YES_AGGRESSIVE;
				GCC_WARN_UNUSED_FUNCTION = YES;
				GCC_WARN_UNUSED_VARIABLE = YES;
				IPHONEOS_DEPLOYMENT_TARGET = 13.5;
				MTL_ENABLE_DEBUG_INFO = INCLUDE_SOURCE;
				MTL_FAST_MATH = YES;
				ONLY_ACTIVE_ARCH = YES;
				SDKROOT = iphoneos;
				SWIFT_ACTIVE_COMPILATION_CONDITIONS = DEBUG;
				SWIFT_OPTIMIZATION_LEVEL = "-Onone";
			};
			name = Debug;
		};
		5C5C831424F2910C00228DA3 /* Release */ = {
			isa = XCBuildConfiguration;
			buildSettings = {
				ALWAYS_SEARCH_USER_PATHS = NO;
				CLANG_ANALYZER_NONNULL = YES;
				CLANG_ANALYZER_NUMBER_OBJECT_CONVERSION = YES_AGGRESSIVE;
				CLANG_CXX_LANGUAGE_STANDARD = "gnu++14";
				CLANG_CXX_LIBRARY = "libc++";
				CLANG_ENABLE_MODULES = YES;
				CLANG_ENABLE_OBJC_ARC = YES;
				CLANG_ENABLE_OBJC_WEAK = YES;
				CLANG_WARN_BLOCK_CAPTURE_AUTORELEASING = YES;
				CLANG_WARN_BOOL_CONVERSION = YES;
				CLANG_WARN_COMMA = YES;
				CLANG_WARN_CONSTANT_CONVERSION = YES;
				CLANG_WARN_DEPRECATED_OBJC_IMPLEMENTATIONS = YES;
				CLANG_WARN_DIRECT_OBJC_ISA_USAGE = YES_ERROR;
				CLANG_WARN_DOCUMENTATION_COMMENTS = YES;
				CLANG_WARN_EMPTY_BODY = YES;
				CLANG_WARN_ENUM_CONVERSION = YES;
				CLANG_WARN_INFINITE_RECURSION = YES;
				CLANG_WARN_INT_CONVERSION = YES;
				CLANG_WARN_NON_LITERAL_NULL_CONVERSION = YES;
				CLANG_WARN_OBJC_IMPLICIT_RETAIN_SELF = YES;
				CLANG_WARN_OBJC_LITERAL_CONVERSION = YES;
				CLANG_WARN_OBJC_ROOT_CLASS = YES_ERROR;
				CLANG_WARN_RANGE_LOOP_ANALYSIS = YES;
				CLANG_WARN_STRICT_PROTOTYPES = YES;
				CLANG_WARN_SUSPICIOUS_MOVE = YES;
				CLANG_WARN_UNGUARDED_AVAILABILITY = YES_AGGRESSIVE;
				CLANG_WARN_UNREACHABLE_CODE = YES;
				CLANG_WARN__DUPLICATE_METHOD_MATCH = YES;
				COPY_PHASE_STRIP = NO;
				DEBUG_INFORMATION_FORMAT = "dwarf-with-dsym";
				ENABLE_NS_ASSERTIONS = NO;
				ENABLE_STRICT_OBJC_MSGSEND = YES;
				GCC_C_LANGUAGE_STANDARD = gnu11;
				GCC_NO_COMMON_BLOCKS = YES;
				GCC_WARN_64_TO_32_BIT_CONVERSION = YES;
				GCC_WARN_ABOUT_RETURN_TYPE = YES_ERROR;
				GCC_WARN_UNDECLARED_SELECTOR = YES;
				GCC_WARN_UNINITIALIZED_AUTOS = YES_AGGRESSIVE;
				GCC_WARN_UNUSED_FUNCTION = YES;
				GCC_WARN_UNUSED_VARIABLE = YES;
				IPHONEOS_DEPLOYMENT_TARGET = 13.5;
				MTL_ENABLE_DEBUG_INFO = NO;
				MTL_FAST_MATH = YES;
				SDKROOT = iphoneos;
				SWIFT_COMPILATION_MODE = wholemodule;
				SWIFT_OPTIMIZATION_LEVEL = "-O";
				VALIDATE_PRODUCT = YES;
			};
			name = Release;
		};
		5C5C831624F2910C00228DA3 /* Debug */ = {
			isa = XCBuildConfiguration;
			buildSettings = {
				ASSETCATALOG_COMPILER_APPICON_NAME = AppIcon;
				CODE_SIGN_STYLE = Automatic;
				INFOPLIST_FILE = GIFImageLoader/Info.plist;
				LD_RUNPATH_SEARCH_PATHS = (
					"$(inherited)",
					"@executable_path/Frameworks",
				);
				PRODUCT_BUNDLE_IDENTIFIER = com.shreyasvilaschandrabhike.GIFImageLoader;
				PRODUCT_NAME = "$(TARGET_NAME)";
				SWIFT_VERSION = 5.0;
				TARGETED_DEVICE_FAMILY = "1,2";
			};
			name = Debug;
		};
		5C5C831724F2910C00228DA3 /* Release */ = {
			isa = XCBuildConfiguration;
			buildSettings = {
				ASSETCATALOG_COMPILER_APPICON_NAME = AppIcon;
				CODE_SIGN_STYLE = Automatic;
				INFOPLIST_FILE = GIFImageLoader/Info.plist;
				LD_RUNPATH_SEARCH_PATHS = (
					"$(inherited)",
					"@executable_path/Frameworks",
				);
				PRODUCT_BUNDLE_IDENTIFIER = com.shreyasvilaschandrabhike.GIFImageLoader;
				PRODUCT_NAME = "$(TARGET_NAME)";
				SWIFT_VERSION = 5.0;
				TARGETED_DEVICE_FAMILY = "1,2";
			};
			name = Release;
		};
/* End XCBuildConfiguration section */

/* Begin XCConfigurationList section */
		5C5C82FC24F2910B00228DA3 /* Build configuration list for PBXProject "GIFImageLoader" */ = {
			isa = XCConfigurationList;
			buildConfigurations = (
				5C5C831324F2910C00228DA3 /* Debug */,
				5C5C831424F2910C00228DA3 /* Release */,
			);
			defaultConfigurationIsVisible = 0;
			defaultConfigurationName = Release;
		};
		5C5C831524F2910C00228DA3 /* Build configuration list for PBXNativeTarget "GIFImageLoader" */ = {
			isa = XCConfigurationList;
			buildConfigurations = (
				5C5C831624F2910C00228DA3 /* Debug */,
				5C5C831724F2910C00228DA3 /* Release */,
			);
			defaultConfigurationIsVisible = 0;
			defaultConfigurationName = Release;
		};
/* End XCConfigurationList section */
	};
	rootObject = 5C5C82F924F2910B00228DA3 /* Project object */;
}
